
Microsoft Visual Studio Solution File, Format Version 11.00
# Visual Studio 2010
Project("{8BC9CEB8-8B4A-11D0-8D11-00A0C91BC942}") = "Client", "Client\Client.vcxproj", "{C0672453-A853-4D44-9DF5-B88887ECC012}"
EndProject
Global
	GlobalSection(SolutionConfigurationPlatforms) = preSolution
		Debug|Win32 = Debug|Win32
		Release|Win32 = Release|Win32
	EndGlobalSection
	GlobalSection(ProjectConfigurationPlatforms) = postSolution
		{C0672453-A853-4D44-9DF5-B88887ECC012}.Debug|Win32.ActiveCfg = Debug|Win32
		{C0672453-A853-4D44-9DF5-B88887ECC012}.Debug|Win32.Build.0 = Debug|Win32
		{C0672453-A853-4D44-9DF5-B88887ECC012}.Release|Win32.ActiveCfg = Release|Win32
		{C0672453-A853-4D44-9DF5-B88887ECC012}.Release|Win32.Build.0 = Release|Win32
	EndGlobalSection
	GlobalSection(SolutionProperties) = preSolution
		HideSolutionNode = FALSE
	EndGlobalSection
EndGlobal
