
Microsoft Visual Studio Solution File, Format Version 11.00
# Visual Studio 2010
Project("{8BC9CEB8-8B4A-11D0-8D11-00A0C91BC942}") = "SetGather", "SetGather\SetGather.vcxproj", "{FC452EDB-ABA1-4644-83B1-76F383B36832}"
EndProject
Global
	GlobalSection(SolutionConfigurationPlatforms) = preSolution
		Debug|Win32 = Debug|Win32
		Release|Win32 = Release|Win32
	EndGlobalSection
	GlobalSection(ProjectConfigurationPlatforms) = postSolution
		{FC452EDB-ABA1-4644-83B1-76F383B36832}.Debug|Win32.ActiveCfg = Debug|Win32
		{FC452EDB-ABA1-4644-83B1-76F383B36832}.Debug|Win32.Build.0 = Debug|Win32
		{FC452EDB-ABA1-4644-83B1-76F383B36832}.Release|Win32.ActiveCfg = Release|Win32
		{FC452EDB-ABA1-4644-83B1-76F383B36832}.Release|Win32.Build.0 = Release|Win32
	EndGlobalSection
	GlobalSection(SolutionProperties) = preSolution
		HideSolutionNode = FALSE
	EndGlobalSection
EndGlobal
